
Microsoft Visual Studio Solution File, Format Version 12.00
# Visual Studio Version 16
VisualStudioVersion = 16.0.30711.63
MinimumVisualStudioVersion = 10.0.40219.1
Project("{9A19103F-16F7-4668-BE54-9A1E7A4F7556}") = "Core.Services", "Core.Services.csproj", "{0A5FE0F6-004D-45A6-ADB7-6AE76CAE2474}"
EndProject
Project("{2150E333-8FDC-42A3-9474-1A3956D46DE8}") = "Core", "Core", "{016B2B87-73DB-4F71-91E1-7DA91EF8D709}"
EndProject
Project("{2150E333-8FDC-42A3-9474-1A3956D46DE8}") = "Infrastructure", "Infrastructure", "{2D29FFB8-B753-4DDD-97E1-544EB47EE633}"
EndProject
Project("{2150E333-8FDC-42A3-9474-1A3956D46DE8}") = "UI", "UI", "{482C9496-88A5-44A9-AF17-14C57245378A}"
EndProject
Project("{FAE04EC0-301F-11D3-BF4B-00C04F79EFBC}") = "Core.Entities", "..\Core.Entities\Core.Entities.csproj", "{50F9075F-7E4A-4CCA-8A63-1F60CC59B513}"
EndProject
Project("{FAE04EC0-301F-11D3-BF4B-00C04F79EFBC}") = "Infrastructure.Data", "..\Infrastructure.Data\Infrastructure.Data.csproj", "{C3342DB6-49C5-4A54-8ECE-55D7A2F100FD}"
EndProject
Project("{FAE04EC0-301F-11D3-BF4B-00C04F79EFBC}") = "Infrastructure.UnitTests", "..\Infrastructure.UnitTests\Infrastructure.UnitTests.csproj", "{F709A80A-8F2F-42DB-BBB2-05B178161F28}"
EndProject
Project("{FAE04EC0-301F-11D3-BF4B-00C04F79EFBC}") = "UI.API", "..\UI.API\UI.API.csproj", "{C5182DC0-A3D9-4104-A37C-E743546535BC}"
EndProject
Global
	GlobalSection(SolutionConfigurationPlatforms) = preSolution
		Debug|Any CPU = Debug|Any CPU
		Release|Any CPU = Release|Any CPU
	EndGlobalSection
	GlobalSection(ProjectConfigurationPlatforms) = postSolution
		{0A5FE0F6-004D-45A6-ADB7-6AE76CAE2474}.Debug|Any CPU.ActiveCfg = Debug|Any CPU
		{0A5FE0F6-004D-45A6-ADB7-6AE76CAE2474}.Debug|Any CPU.Build.0 = Debug|Any CPU
		{0A5FE0F6-004D-45A6-ADB7-6AE76CAE2474}.Release|Any CPU.ActiveCfg = Release|Any CPU
		{0A5FE0F6-004D-45A6-ADB7-6AE76CAE2474}.Release|Any CPU.Build.0 = Release|Any CPU
		{50F9075F-7E4A-4CCA-8A63-1F60CC59B513}.Debug|Any CPU.ActiveCfg = Debug|Any CPU
		{50F9075F-7E4A-4CCA-8A63-1F60CC59B513}.Debug|Any CPU.Build.0 = Debug|Any CPU
		{50F9075F-7E4A-4CCA-8A63-1F60CC59B513}.Release|Any CPU.ActiveCfg = Release|Any CPU
		{50F9075F-7E4A-4CCA-8A63-1F60CC59B513}.Release|Any CPU.Build.0 = Release|Any CPU
		{C3342DB6-49C5-4A54-8ECE-55D7A2F100FD}.Debug|Any CPU.ActiveCfg = Debug|Any CPU
		{C3342DB6-49C5-4A54-8ECE-55D7A2F100FD}.Debug|Any CPU.Build.0 = Debug|Any CPU
		{C3342DB6-49C5-4A54-8ECE-55D7A2F100FD}.Release|Any CPU.ActiveCfg = Release|Any CPU
		{C3342DB6-49C5-4A54-8ECE-55D7A2F100FD}.Release|Any CPU.Build.0 = Release|Any CPU
		{F709A80A-8F2F-42DB-BBB2-05B178161F28}.Debug|Any CPU.ActiveCfg = Debug|Any CPU
		{F709A80A-8F2F-42DB-BBB2-05B178161F28}.Debug|Any CPU.Build.0 = Debug|Any CPU
		{F709A80A-8F2F-42DB-BBB2-05B178161F28}.Release|Any CPU.ActiveCfg = Release|Any CPU
		{F709A80A-8F2F-42DB-BBB2-05B178161F28}.Release|Any CPU.Build.0 = Release|Any CPU
		{C5182DC0-A3D9-4104-A37C-E743546535BC}.Debug|Any CPU.ActiveCfg = Debug|Any CPU
		{C5182DC0-A3D9-4104-A37C-E743546535BC}.Debug|Any CPU.Build.0 = Debug|Any CPU
		{C5182DC0-A3D9-4104-A37C-E743546535BC}.Release|Any CPU.ActiveCfg = Release|Any CPU
		{C5182DC0-A3D9-4104-A37C-E743546535BC}.Release|Any CPU.Build.0 = Release|Any CPU
	EndGlobalSection
	GlobalSection(SolutionProperties) = preSolution
		HideSolutionNode = FALSE
	EndGlobalSection
	GlobalSection(NestedProjects) = preSolution
		{0A5FE0F6-004D-45A6-ADB7-6AE76CAE2474} = {016B2B87-73DB-4F71-91E1-7DA91EF8D709}
		{50F9075F-7E4A-4CCA-8A63-1F60CC59B513} = {016B2B87-73DB-4F71-91E1-7DA91EF8D709}
		{C3342DB6-49C5-4A54-8ECE-55D7A2F100FD} = {2D29FFB8-B753-4DDD-97E1-544EB47EE633}
		{F709A80A-8F2F-42DB-BBB2-05B178161F28} = {2D29FFB8-B753-4DDD-97E1-544EB47EE633}
		{C5182DC0-A3D9-4104-A37C-E743546535BC} = {482C9496-88A5-44A9-AF17-14C57245378A}
	EndGlobalSection
	GlobalSection(ExtensibilityGlobals) = postSolution
		SolutionGuid = {FB27E561-AE68-41BD-9931-D4209CF191F3}
	EndGlobalSection
EndGlobal
