
Microsoft Visual Studio Solution File, Format Version 12.00
# Visual Studio Version 16
VisualStudioVersion = 16.0.30711.63
MinimumVisualStudioVersion = 10.0.40219.1
Project("{9A19103F-16F7-4668-BE54-9A1E7A4F7556}") = "Core", "Core.csproj", "{0A5FE0F6-004D-45A6-ADB7-6AE76CAE2474}"
EndProject
Global
	GlobalSection(SolutionConfigurationPlatforms) = preSolution
		Debug|Any CPU = Debug|Any CPU
		Release|Any CPU = Release|Any CPU
	EndGlobalSection
	GlobalSection(ProjectConfigurationPlatforms) = postSolution
		{0A5FE0F6-004D-45A6-ADB7-6AE76CAE2474}.Debug|Any CPU.ActiveCfg = Debug|Any CPU
		{0A5FE0F6-004D-45A6-ADB7-6AE76CAE2474}.Debug|Any CPU.Build.0 = Debug|Any CPU
		{0A5FE0F6-004D-45A6-ADB7-6AE76CAE2474}.Release|Any CPU.ActiveCfg = Release|Any CPU
		{0A5FE0F6-004D-45A6-ADB7-6AE76CAE2474}.Release|Any CPU.Build.0 = Release|Any CPU
	EndGlobalSection
	GlobalSection(SolutionProperties) = preSolution
		HideSolutionNode = FALSE
	EndGlobalSection
	GlobalSection(ExtensibilityGlobals) = postSolution
		SolutionGuid = {FB27E561-AE68-41BD-9931-D4209CF191F3}
	EndGlobalSection
EndGlobal
